
Microsoft Visual Studio Solution File, Format Version 12.00
# Visual Studio 15
VisualStudioVersion = 15.0.28307.960
MinimumVisualStudioVersion = 10.0.40219.1
Project("{FAE04EC0-301F-11D3-BF4B-00C04F79EFBC}") = "ALT_ERP3", "ALT_ERP3\ALT_ERP3.csproj", "{E78B686B-339D-4B96-9549-F9D188002FFE}"
EndProject
Project("{2150E333-8FDC-42A3-9474-1A3956D46DE8}") = "DataObject", "DataObject", "{E771159E-C813-4932-9831-69DB5D6B9D6B}"
EndProject
Project("{FAE04EC0-301F-11D3-BF4B-00C04F79EFBC}") = "EntitiModel", "EntitiModel\EntitiModel.csproj", "{E5CAB50A-01D8-40A3-AC3E-02D8593FB673}"
EndProject
Project("{2150E333-8FDC-42A3-9474-1A3956D46DE8}") = "Barcode", "Barcode", "{9D18A5E4-E25C-4381-AFA4-931BD701C6A8}"
EndProject
Global
	GlobalSection(Performance) = preSolution
		HasPerformanceSessions = true
	EndGlobalSection
	GlobalSection(SolutionConfigurationPlatforms) = preSolution
		Debug|Any CPU = Debug|Any CPU
		Release|Any CPU = Release|Any CPU
	EndGlobalSection
	GlobalSection(ProjectConfigurationPlatforms) = postSolution
		{E78B686B-339D-4B96-9549-F9D188002FFE}.Debug|Any CPU.ActiveCfg = Debug|Any CPU
		{E78B686B-339D-4B96-9549-F9D188002FFE}.Debug|Any CPU.Build.0 = Debug|Any CPU
		{E78B686B-339D-4B96-9549-F9D188002FFE}.Release|Any CPU.ActiveCfg = Release|Any CPU
		{E78B686B-339D-4B96-9549-F9D188002FFE}.Release|Any CPU.Build.0 = Release|Any CPU
		{E5CAB50A-01D8-40A3-AC3E-02D8593FB673}.Debug|Any CPU.ActiveCfg = Debug|Any CPU
		{E5CAB50A-01D8-40A3-AC3E-02D8593FB673}.Debug|Any CPU.Build.0 = Debug|Any CPU
		{E5CAB50A-01D8-40A3-AC3E-02D8593FB673}.Release|Any CPU.ActiveCfg = Release|Any CPU
		{E5CAB50A-01D8-40A3-AC3E-02D8593FB673}.Release|Any CPU.Build.0 = Release|Any CPU
	EndGlobalSection
	GlobalSection(SolutionProperties) = preSolution
		HideSolutionNode = FALSE
	EndGlobalSection
	GlobalSection(NestedProjects) = preSolution
		{E5CAB50A-01D8-40A3-AC3E-02D8593FB673} = {E771159E-C813-4932-9831-69DB5D6B9D6B}
	EndGlobalSection
	GlobalSection(ExtensibilityGlobals) = postSolution
		SolutionGuid = {63BCD65D-4B35-4581-8451-6F276A2B9B1D}
	EndGlobalSection
EndGlobal
